
Microsoft Visual Studio Solution File, Format Version 12.00
# Visual Studio Version 16
VisualStudioVersion = 16.0.31410.357
MinimumVisualStudioVersion = 10.0.40219.1
Project("{2150E333-8FDC-42A3-9474-1A3956D46DE8}") = "API", "API", "{1F691077-5418-4838-997A-2B5700F02E5E}"
EndProject
Project("{FAE04EC0-301F-11D3-BF4B-00C04F79EFBC}") = "ecommerce_skinet_shop.API", "API\ecommerce_skinet_shop.API\ecommerce_skinet_shop.API.csproj", "{ABCFC7C7-1140-4DF7-A249-4ED3F9040B08}"
EndProject
Project("{2150E333-8FDC-42A3-9474-1A3956D46DE8}") = "Libraries", "Libraries", "{713A7399-FE24-4B48-9037-8635E3EBB606}"
EndProject
Project("{FAE04EC0-301F-11D3-BF4B-00C04F79EFBC}") = "ecommerce_skinet_shop.Infrustructure", "Libraries\ecommerce_skinet_shop.Infrustructure\ecommerce_skinet_shop.Infrustructure.csproj", "{BFE70B80-AF4F-4FBD-B1A4-705050042702}"
EndProject
Project("{FAE04EC0-301F-11D3-BF4B-00C04F79EFBC}") = "ecommerce_skinet_shop.Core", "Libraries\ecommerce_skinet_shop.Core\ecommerce_skinet_shop.Core.csproj", "{5156BD16-60D9-40BD-9DC0-EE113C5894F6}"
EndProject
Global
	GlobalSection(SolutionConfigurationPlatforms) = preSolution
		Debug|Any CPU = Debug|Any CPU
		Release|Any CPU = Release|Any CPU
	EndGlobalSection
	GlobalSection(ProjectConfigurationPlatforms) = postSolution
		{ABCFC7C7-1140-4DF7-A249-4ED3F9040B08}.Debug|Any CPU.ActiveCfg = Debug|Any CPU
		{ABCFC7C7-1140-4DF7-A249-4ED3F9040B08}.Debug|Any CPU.Build.0 = Debug|Any CPU
		{ABCFC7C7-1140-4DF7-A249-4ED3F9040B08}.Release|Any CPU.ActiveCfg = Release|Any CPU
		{ABCFC7C7-1140-4DF7-A249-4ED3F9040B08}.Release|Any CPU.Build.0 = Release|Any CPU
		{BFE70B80-AF4F-4FBD-B1A4-705050042702}.Debug|Any CPU.ActiveCfg = Debug|Any CPU
		{BFE70B80-AF4F-4FBD-B1A4-705050042702}.Debug|Any CPU.Build.0 = Debug|Any CPU
		{BFE70B80-AF4F-4FBD-B1A4-705050042702}.Release|Any CPU.ActiveCfg = Release|Any CPU
		{BFE70B80-AF4F-4FBD-B1A4-705050042702}.Release|Any CPU.Build.0 = Release|Any CPU
		{5156BD16-60D9-40BD-9DC0-EE113C5894F6}.Debug|Any CPU.ActiveCfg = Debug|Any CPU
		{5156BD16-60D9-40BD-9DC0-EE113C5894F6}.Debug|Any CPU.Build.0 = Debug|Any CPU
		{5156BD16-60D9-40BD-9DC0-EE113C5894F6}.Release|Any CPU.ActiveCfg = Release|Any CPU
		{5156BD16-60D9-40BD-9DC0-EE113C5894F6}.Release|Any CPU.Build.0 = Release|Any CPU
	EndGlobalSection
	GlobalSection(SolutionProperties) = preSolution
		HideSolutionNode = FALSE
	EndGlobalSection
	GlobalSection(NestedProjects) = preSolution
		{ABCFC7C7-1140-4DF7-A249-4ED3F9040B08} = {1F691077-5418-4838-997A-2B5700F02E5E}
		{BFE70B80-AF4F-4FBD-B1A4-705050042702} = {713A7399-FE24-4B48-9037-8635E3EBB606}
		{5156BD16-60D9-40BD-9DC0-EE113C5894F6} = {713A7399-FE24-4B48-9037-8635E3EBB606}
	EndGlobalSection
	GlobalSection(ExtensibilityGlobals) = postSolution
		SolutionGuid = {80374DD3-DA39-42B7-BA5D-7ABD0A0B02B6}
	EndGlobalSection
EndGlobal
